# THIS IS AN AUTOGENERATED FILE. DO NOT EDIT THIS FILE DIRECTLY.
# yarn lockfile v1


abbrev@1:
  version "1.1.1"
  resolved "https://registry.yarnpkg.com/abbrev/-/abbrev-1.1.1.tgz#f8f2c887ad10bf67f634f005b6987fed3179aac8"
  integrity sha512-nne9/IiQ/hzIhY6pdDnbBtz7DjPTKrY00P/zvPSm5pOFkl6xuGrGnXn/VtTNNfNtAfZ9/1RtehkszU9qcTii0Q==

amdefine@>=0.0.4:
  version "1.0.1"
  resolved "https://registry.yarnpkg.com/amdefine/-/amdefine-1.0.1.tgz#4a5282ac164729e93619bcfd3ad151f817ce91f5"
  integrity sha1-SlKCrBZHKek2Gbz9OtFR+BfOkfU=

ansi-regex@^2.0.0:
  version "2.1.1"
  resolved "https://registry.yarnpkg.com/ansi-regex/-/ansi-regex-2.1.1.tgz#c3b33ab5ee360d86e0e628f0468ae7ef27d654df"
  integrity sha1-w7M6te42DYbg5ijwRorn7yfWVN8=

ansi-styles@^2.2.1:
  version "2.2.1"
  resolved "https://registry.yarnpkg.com/ansi-styles/-/ansi-styles-2.2.1.tgz#b432dd3358b634cf75e1e4664368240533c1ddbe"
  integrity sha1-tDLdM1i2NM914eRmQ2gkBTPB3b4=

applause@1.2.2:
  version "1.2.2"
  resolved "https://registry.yarnpkg.com/applause/-/applause-1.2.2.tgz#a8468579e81f67397bb5634c29953bedcd0f56c0"
  integrity sha1-qEaFeegfZzl7tWNMKZU77c0PVsA=
  dependencies:
    cson-parser "^1.1.0"
    js-yaml "^3.3.0"
    lodash "^3.10.0"

argparse@^1.0.7:
  version "1.0.10"
  resolved "https://registry.yarnpkg.com/argparse/-/argparse-1.0.10.tgz#bcd6791ea5ae09725e17e5ad988134cd40b3d911"
  integrity sha512-o5Roy6tNG4SL/FOkCAN6RzjiakZS25RLYFrcMttJqbdd8BWrnA+fGz57iN5Pb06pvBGvl5gQ0B48dJlslXvoTg==
  dependencies:
    sprintf-js "~1.0.2"

"argparse@~ 0.1.11":
  version "0.1.16"
  resolved "https://registry.yarnpkg.com/argparse/-/argparse-0.1.16.tgz#cfd01e0fbba3d6caed049fbd758d40f65196f57c"
  integrity sha1-z9AeD7uj1srtBJ+9dY1A9lGW9Xw=
  dependencies:
    underscore "~1.7.0"
    underscore.string "~2.4.0"

async@~0.1.22:
  version "0.1.22"
  resolved "https://registry.yarnpkg.com/async/-/async-0.1.22.tgz#0fc1aaa088a0e3ef0ebe2d8831bab0dcf8845061"
  integrity sha1-D8GqoIig4+8Ovi2IMbqw3PiEUGE=

async@~0.2.6, async@~0.2.9:
  version "0.2.10"
  resolved "https://registry.yarnpkg.com/async/-/async-0.2.10.tgz#b6bbe0b0674b9d719708ca38de8c237cb526c3d1"
  integrity sha1-trvgsGdLnXGXCMo43owjfLUmw9E=

camelcase@^1.0.2:
  version "1.2.1"
  resolved "https://registry.yarnpkg.com/camelcase/-/camelcase-1.2.1.tgz#9bb5304d2e0b56698b2c758b08a3eaa9daa58a39"
  integrity sha1-m7UwTS4LVmmLLHWLCKPqqdqlijk=

chalk@^1.1.0:
  version "1.1.3"
  resolved "https://registry.yarnpkg.com/chalk/-/chalk-1.1.3.tgz#a8115c55e4a702fe4d150abd3872822a7e09fc98"
  integrity sha1-qBFcVeSnAv5NFQq9OHKCKn4J/Jg=
  dependencies:
    ansi-styles "^2.2.1"
    escape-string-regexp "^1.0.2"
    has-ansi "^2.0.0"
    strip-ansi "^3.0.0"
    supports-color "^2.0.0"

coffee-script@^1.10.0:
  version "1.12.7"
  resolved "https://registry.yarnpkg.com/coffee-script/-/coffee-script-1.12.7.tgz#c05dae0cb79591d05b3070a8433a98c9a89ccc53"
  integrity sha512-fLeEhqwymYat/MpTPUjSKHVYYl0ec2mOyALEMLmzr5i1isuG+6jfI2j2d5oBO3VIzgUXgBVIcOT9uH1TFxBckw==

coffee-script@~1.3.3:
  version "1.3.3"
  resolved "https://registry.yarnpkg.com/coffee-script/-/coffee-script-1.3.3.tgz#150d6b4cb522894369efed6a2101c20bc7f4a4f4"
  integrity sha1-FQ1rTLUiiUNp7+1qIQHCC8f0pPQ=

colors@~0.6.2:
  version "0.6.2"
  resolved "https://registry.yarnpkg.com/colors/-/colors-0.6.2.tgz#2423fe6678ac0c5dae8852e5d0e5be08c997abcc"
  integrity sha1-JCP+ZnisDF2uiFLl0OW+CMmXq8w=

cson-parser@^1.1.0:
  version "1.3.5"
  resolved "https://registry.yarnpkg.com/cson-parser/-/cson-parser-1.3.5.tgz#7ec675e039145533bf2a6a856073f1599d9c2d24"
  integrity sha1-fsZ14DkUVTO/KmqFYHPxWZ2cLSQ=
  dependencies:
    coffee-script "^1.10.0"

dateformat@1.0.2-1.2.3:
  version "1.0.2-1.2.3"
  resolved "https://registry.yarnpkg.com/dateformat/-/dateformat-1.0.2-1.2.3.tgz#b0220c02de98617433b72851cf47de3df2cdbee9"
  integrity sha1-sCIMAt6YYXQztyhRz0fePfLNvuk=

debug@~0.7.0:
  version "0.7.4"
  resolved "https://registry.yarnpkg.com/debug/-/debug-0.7.4.tgz#06e1ea8082c2cb14e39806e22e2f6f757f92af39"
  integrity sha1-BuHqgILCyxTjmAbiLi9vdX+Srzk=

decamelize@^1.0.0:
  version "1.2.0"
  resolved "https://registry.yarnpkg.com/decamelize/-/decamelize-1.2.0.tgz#f6534d15148269b20352e7bee26f501f9a191290"
  integrity sha1-9lNNFRSCabIDUue+4m9QH5oZEpA=

escape-string-regexp@^1.0.2:
  version "1.0.5"
  resolved "https://registry.yarnpkg.com/escape-string-regexp/-/escape-string-regexp-1.0.5.tgz#1b61c0562190a8dff6ae3bb2cf0200ca130b86d4"
  integrity sha1-G2HAViGQqN/2rjuyzwIAyhMLhtQ=

eslint-config-standard@^14.1.0:
  version "14.1.0"
  resolved "https://registry.yarnpkg.com/eslint-config-standard/-/eslint-config-standard-14.1.0.tgz#b23da2b76fe5a2eba668374f246454e7058f15d4"
  integrity sha512-EF6XkrrGVbvv8hL/kYa/m6vnvmUT+K82pJJc4JJVMM6+Qgqh0pnwprSxdduDLB9p/7bIxD+YV5O0wfb8lmcPbA==

esprima@^4.0.0:
  version "4.0.1"
  resolved "https://registry.yarnpkg.com/esprima/-/esprima-4.0.1.tgz#13b04cdb3e6c5d19df91ab6987a8695619b0aa71"
  integrity sha512-eGuFFw7Upda+g4p+QHvnW0RyTX/SVeJBDM/gCtMARO0cLuT2HcEKnTPvhjV6aGeqrCB/sbNop0Kszm0jsaWU4A==

"esprima@~ 1.0.2":
  version "1.0.4"
  resolved "https://registry.yarnpkg.com/esprima/-/esprima-1.0.4.tgz#9f557e08fc3b4d26ece9dd34f8fbf476b62585ad"
  integrity sha1-n1V+CPw7TSbs6d00+Pv0drYlha0=

eventemitter2@~0.4.13:
  version "0.4.14"
  resolved "https://registry.yarnpkg.com/eventemitter2/-/eventemitter2-0.4.14.tgz#8f61b75cde012b2e9eb284d4545583b5643b61ab"
  integrity sha1-j2G3XN4BKy6esoTUVFWDtWQ7Yas=

exit@~0.1.1:
  version "0.1.2"
  resolved "https://registry.yarnpkg.com/exit/-/exit-0.1.2.tgz#0632638f8d877cc82107d30a0fff1a17cba1cd0c"
  integrity sha1-BjJjj42HfMghB9MKD/8aF8uhzQw=

faye-websocket@~0.4.3:
  version "0.4.4"
  resolved "https://registry.yarnpkg.com/faye-websocket/-/faye-websocket-0.4.4.tgz#c14c5b3bf14d7417ffbfd990c0a7495cd9f337bc"
  integrity sha1-wUxbO/FNdBf/v9mQwKdJXNnzN7w=

file-sync-cmp@^0.1.0:
  version "0.1.1"
  resolved "https://registry.yarnpkg.com/file-sync-cmp/-/file-sync-cmp-0.1.1.tgz#a5e7a8ffbfa493b43b923bbd4ca89a53b63b612b"
  integrity sha1-peeo/7+kk7Q7kju9TKiaU7Y7YSs=

findup-sync@~0.1.2:
  version "0.1.3"
  resolved "https://registry.yarnpkg.com/findup-sync/-/findup-sync-0.1.3.tgz#7f3e7a97b82392c653bf06589bd85190e93c3683"
  integrity sha1-fz56l7gjksZTvwZYm9hRkOk8NoM=
  dependencies:
    glob "~3.2.9"
    lodash "~2.4.1"

gaze@~0.5.1:
  version "0.5.2"
  resolved "https://registry.yarnpkg.com/gaze/-/gaze-0.5.2.tgz#40b709537d24d1d45767db5a908689dfe69ac44f"
  integrity sha1-QLcJU30k0dRXZ9takIaJ3+aaxE8=
  dependencies:
    globule "~0.1.0"

getobject@~0.1.0:
  version "0.1.0"
  resolved "https://registry.yarnpkg.com/getobject/-/getobject-0.1.0.tgz#047a449789fa160d018f5486ed91320b6ec7885c"
  integrity sha1-BHpEl4n6Fg0Bj1SG7ZEyC27HiFw=

glob@~3.1.21:
  version "3.1.21"
  resolved "https://registry.yarnpkg.com/glob/-/glob-3.1.21.tgz#d29e0a055dea5138f4d07ed40e8982e83c2066cd"
  integrity sha1-0p4KBV3qUTj00H7UDomC6DwgZs0=
  dependencies:
    graceful-fs "~1.2.0"
    inherits "1"
    minimatch "~0.2.11"

glob@~3.2.9:
  version "3.2.11"
  resolved "https://registry.yarnpkg.com/glob/-/glob-3.2.11.tgz#4a973f635b9190f715d10987d5c00fd2815ebe3d"
  integrity sha1-Spc/Y1uRkPcV0QmH1cAP0oFevj0=
  dependencies:
    inherits "2"
    minimatch "0.3"

globule@~0.1.0:
  version "0.1.0"
  resolved "https://registry.yarnpkg.com/globule/-/globule-0.1.0.tgz#d9c8edde1da79d125a151b79533b978676346ae5"
  integrity sha1-2cjt3h2nnRJaFRt5UzuXhnY0auU=
  dependencies:
    glob "~3.1.21"
    lodash "~1.0.1"
    minimatch "~0.2.11"

graceful-fs@~1.2.0:
  version "1.2.3"
  resolved "https://registry.yarnpkg.com/graceful-fs/-/graceful-fs-1.2.3.tgz#15a4806a57547cb2d2dbf27f42e89a8c3451b364"
  integrity sha1-FaSAaldUfLLS2/J/QuiajDRRs2Q=

grunt-cleanempty@^1.0.3:
  version "1.0.4"
  resolved "https://registry.yarnpkg.com/grunt-cleanempty/-/grunt-cleanempty-1.0.4.tgz#5783ae84a00c783e290eade841d2b56e222620ea"
  integrity sha1-V4OuhKAMeD4pDq3oQdK1biImIOo=
  dependencies:
    junk "^1.0.2"

grunt-contrib-clean@~0.5.0:
  version "0.5.0"
  resolved "https://registry.yarnpkg.com/grunt-contrib-clean/-/grunt-contrib-clean-0.5.0.tgz#f53dfdee0849b1c7b40e9ebbba69f48c4c6079c5"
  integrity sha1-9T397ghJsce0Dp67umn0jExgecU=
  dependencies:
    rimraf "~2.2.1"

grunt-contrib-concat@~0.3.0:
  version "0.3.0"
  resolved "https://registry.yarnpkg.com/grunt-contrib-concat/-/grunt-contrib-concat-0.3.0.tgz#48fa0d4336d29b653ad8225a6bd6f856b4483e32"
  integrity sha1-SPoNQzbSm2U62CJaa9b4VrRIPjI=

grunt-contrib-copy@~0.5.0:
  version "0.5.0"
  resolved "https://registry.yarnpkg.com/grunt-contrib-copy/-/grunt-contrib-copy-0.5.0.tgz#410075ac45a5856ba191b1cc725725450d4a0215"
  integrity sha1-QQB1rEWlhWuhkbHMclclRQ1KAhU=

grunt-contrib-uglify@~0.2.2:
  version "0.2.7"
  resolved "https://registry.yarnpkg.com/grunt-contrib-uglify/-/grunt-contrib-uglify-0.2.7.tgz#e6bda51e0c40a1459f6cead423c65efd725a1bf7"
  integrity sha1-5r2lHgxAoUWfbOrUI8Ze/XJaG/c=
  dependencies:
    grunt-lib-contrib "~0.6.1"
    uglify-js "~2.4.0"

grunt-contrib-watch@^0.6.1:
  version "0.6.1"
  resolved "https://registry.yarnpkg.com/grunt-contrib-watch/-/grunt-contrib-watch-0.6.1.tgz#64fdcba25a635f5b4da1b6ce6f90da0aeb6e3f15"
  integrity sha1-ZP3LolpjX1tNobbOb5DaCutuPxU=
  dependencies:
    async "~0.2.9"
    gaze "~0.5.1"
    lodash "~2.4.1"
    tiny-lr-fork "0.0.5"

grunt-legacy-log-utils@~0.1.1:
  version "0.1.1"
  resolved "https://registry.yarnpkg.com/grunt-legacy-log-utils/-/grunt-legacy-log-utils-0.1.1.tgz#c0706b9dd9064e116f36f23fe4e6b048672c0f7e"
  integrity sha1-wHBrndkGThFvNvI/5OawSGcsD34=
  dependencies:
    colors "~0.6.2"
    lodash "~2.4.1"
    underscore.string "~2.3.3"

grunt-legacy-log@~0.1.0:
  version "0.1.3"
  resolved "https://registry.yarnpkg.com/grunt-legacy-log/-/grunt-legacy-log-0.1.3.tgz#ec29426e803021af59029f87d2f9cd7335a05531"
  integrity sha1-7ClCboAwIa9ZAp+H0vnNczWgVTE=
  dependencies:
    colors "~0.6.2"
    grunt-legacy-log-utils "~0.1.1"
    hooker "~0.2.3"
    lodash "~2.4.1"
    underscore.string "~2.3.3"

grunt-legacy-util@~0.2.0:
  version "0.2.0"
  resolved "https://registry.yarnpkg.com/grunt-legacy-util/-/grunt-legacy-util-0.2.0.tgz#93324884dbf7e37a9ff7c026dff451d94a9e554b"
  integrity sha1-kzJIhNv343qf98Am3/RR2UqeVUs=
  dependencies:
    async "~0.1.22"
    exit "~0.1.1"
    getobject "~0.1.0"
    hooker "~0.2.3"
    lodash "~0.9.2"
    underscore.string "~2.2.1"
    which "~1.0.5"

grunt-lib-contrib@~0.6.1:
  version "0.6.1"
  resolved "https://registry.yarnpkg.com/grunt-lib-contrib/-/grunt-lib-contrib-0.6.1.tgz#3f56adb7da06e814795ee2415b0ebe5fb8903ebb"
  integrity sha1-P1att9oG6BR5XuJBWw6+X7iQPrs=
  dependencies:
    zlib-browserify "0.0.1"

grunt-remove-comments@^0.1.6:
  version "0.1.6"
  resolved "https://registry.yarnpkg.com/grunt-remove-comments/-/grunt-remove-comments-0.1.6.tgz#43c31e730e5fcd1c722eedf92ccb5ed933fa7bd6"
  integrity sha512-bEzPamf44wgkcPKqUS02HctuxyOglaLeunsCes7rUEl9EhnnPY+ItmtzaZckfllk9XqBfNfmIxjDwDpSNXE4lQ==

grunt-replace@^1.0.1:
  version "1.0.1"
  resolved "https://registry.yarnpkg.com/grunt-replace/-/grunt-replace-1.0.1.tgz#90a79532fb89041fe427c87d425238b0f886651a"
  integrity sha1-kKeVMvuJBB/kJ8h9QlI4sPiGZRo=
  dependencies:
    applause "1.2.2"
    chalk "^1.1.0"
    file-sync-cmp "^0.1.0"
    lodash "^4.11.0"

grunt@~0.4:
  version "0.4.5"
  resolved "https://registry.yarnpkg.com/grunt/-/grunt-0.4.5.tgz#56937cd5194324adff6d207631832a9d6ba4e7f0"
  integrity sha1-VpN81RlDJK3/bSB2MYMqnWuk5/A=
  dependencies:
    async "~0.1.22"
    coffee-script "~1.3.3"
    colors "~0.6.2"
    dateformat "1.0.2-1.2.3"
    eventemitter2 "~0.4.13"
    exit "~0.1.1"
    findup-sync "~0.1.2"
    getobject "~0.1.0"
    glob "~3.1.21"
    grunt-legacy-log "~0.1.0"
    grunt-legacy-util "~0.2.0"
    hooker "~0.2.3"
    iconv-lite "~0.2.11"
    js-yaml "~2.0.5"
    lodash "~0.9.2"
    minimatch "~0.2.12"
    nopt "~1.0.10"
    rimraf "~2.2.8"
    underscore.string "~2.2.1"
    which "~1.0.5"

has-ansi@^2.0.0:
  version "2.0.0"
  resolved "https://registry.yarnpkg.com/has-ansi/-/has-ansi-2.0.0.tgz#34f5049ce1ecdf2b0649af3ef24e45ed35416d91"
  integrity sha1-NPUEnOHs3ysGSa8+8k5F7TVBbZE=
  dependencies:
    ansi-regex "^2.0.0"

hooker@~0.2.3:
  version "0.2.3"
  resolved "https://registry.yarnpkg.com/hooker/-/hooker-0.2.3.tgz#b834f723cc4a242aa65963459df6d984c5d3d959"
  integrity sha1-uDT3I8xKJCqmWWNFnfbZhMXT2Vk=

iconv-lite@~0.2.11:
  version "0.2.11"
  resolved "https://registry.yarnpkg.com/iconv-lite/-/iconv-lite-0.2.11.tgz#1ce60a3a57864a292d1321ff4609ca4bb965adc8"
  integrity sha1-HOYKOleGSiktEyH/RgnKS7llrcg=

inherits@1:
  version "1.0.2"
  resolved "https://registry.yarnpkg.com/inherits/-/inherits-1.0.2.tgz#ca4309dadee6b54cc0b8d247e8d7c7a0975bdc9b"
  integrity sha1-ykMJ2t7mtUzAuNJH6NfHoJdb3Js=

inherits@2:
  version "2.0.4"
  resolved "https://registry.yarnpkg.com/inherits/-/inherits-2.0.4.tgz#0fa2c64f932917c3433a0ded55363aae37416b7c"
  integrity sha512-k/vGaX4/Yla3WzyMCvTQOXYeIHvqOKtnqBduzTHpzpQZzAskKMhZ2K+EnBiSM9zGSoIFeMpXKxa4dYeZIQqewQ==

js-yaml@^3.3.0:
  version "3.13.1"
  resolved "https://registry.yarnpkg.com/js-yaml/-/js-yaml-3.13.1.tgz#aff151b30bfdfa8e49e05da22e7415e9dfa37847"
  integrity sha512-YfbcO7jXDdyj0DGxYVSlSeQNHbD7XPWvrVWeVUujrQEoZzWJIRrCPoyk6kL6IAjAG2IolMK4T0hNUe0HOUs5Jw==
  dependencies:
    argparse "^1.0.7"
    esprima "^4.0.0"

js-yaml@~2.0.5:
  version "2.0.5"
  resolved "https://registry.yarnpkg.com/js-yaml/-/js-yaml-2.0.5.tgz#a25ae6509999e97df278c6719da11bd0687743a8"
  integrity sha1-olrmUJmZ6X3yeMZxnaEb0Gh3Q6g=
  dependencies:
    argparse "~ 0.1.11"
    esprima "~ 1.0.2"

junk@^1.0.2:
  version "1.0.3"
  resolved "https://registry.yarnpkg.com/junk/-/junk-1.0.3.tgz#87be63488649cbdca6f53ab39bec9ccd2347f592"
  integrity sha1-h75jSIZJy9ym9Tqzm+yczSNH9ZI=

lodash@^3.10.0:
  version "3.10.1"
  resolved "https://registry.yarnpkg.com/lodash/-/lodash-3.10.1.tgz#5bf45e8e49ba4189e17d482789dfd15bd140b7b6"
  integrity sha1-W/Rejkm6QYnhfUgnid/RW9FAt7Y=

lodash@^4.11.0:
  version "4.17.15"
  resolved "https://registry.yarnpkg.com/lodash/-/lodash-4.17.15.tgz#b447f6670a0455bbfeedd11392eff330ea097548"
  integrity sha512-8xOcRHvCjnocdS5cpwXQXVzmmh5e5+saE2QGoeQmbKmRS6J3VQppPOIt0MnmE+4xlZoumy0GPG0D0MVIQbNA1A==

lodash@~0.9.2:
  version "0.9.2"
  resolved "https://registry.yarnpkg.com/lodash/-/lodash-0.9.2.tgz#8f3499c5245d346d682e5b0d3b40767e09f1a92c"
  integrity sha1-jzSZxSRdNG1oLlsNO0B2fgnxqSw=

lodash@~1.0.1:
  version "1.0.2"
  resolved "https://registry.yarnpkg.com/lodash/-/lodash-1.0.2.tgz#8f57560c83b59fc270bd3d561b690043430e2551"
  integrity sha1-j1dWDIO1n8JwvT1WG2kAQ0MOJVE=

lodash@~2.4.1:
  version "2.4.2"
  resolved "https://registry.yarnpkg.com/lodash/-/lodash-2.4.2.tgz#fadd834b9683073da179b3eae6d9c0d15053f73e"
  integrity sha1-+t2DS5aDBz2hebPq5tnA0VBT9z4=

lru-cache@2:
  version "2.7.3"
  resolved "https://registry.yarnpkg.com/lru-cache/-/lru-cache-2.7.3.tgz#6d4524e8b955f95d4f5b58851ce21dd72fb4e952"
  integrity sha1-bUUk6LlV+V1PW1iFHOId1y+06VI=

minimatch@0.3:
  version "0.3.0"
  resolved "https://registry.yarnpkg.com/minimatch/-/minimatch-0.3.0.tgz#275d8edaac4f1bb3326472089e7949c8394699dd"
  integrity sha1-J12O2qxPG7MyZHIInnlJyDlGmd0=
  dependencies:
    lru-cache "2"
    sigmund "~1.0.0"

minimatch@~0.2.11, minimatch@~0.2.12:
  version "0.2.14"
  resolved "https://registry.yarnpkg.com/minimatch/-/minimatch-0.2.14.tgz#c74e780574f63c6f9a090e90efbe6ef53a6a756a"
  integrity sha1-x054BXT2PG+aCQ6Q775u9TpqdWo=
  dependencies:
    lru-cache "2"
    sigmund "~1.0.0"

nopt@~1.0.10:
  version "1.0.10"
  resolved "https://registry.yarnpkg.com/nopt/-/nopt-1.0.10.tgz#6ddd21bd2a31417b92727dd585f8a6f37608ebee"
  integrity sha1-bd0hvSoxQXuScn3Vhfim83YI6+4=
  dependencies:
    abbrev "1"

nopt@~2.0.0:
  version "2.0.0"
  resolved "https://registry.yarnpkg.com/nopt/-/nopt-2.0.0.tgz#ca7416f20a5e3f9c3b86180f96295fa3d0b52e0d"
  integrity sha1-ynQW8gpeP5w7hhgPlilfo9C1Lg0=
  dependencies:
    abbrev "1"

noptify@~0.0.3:
  version "0.0.3"
  resolved "https://registry.yarnpkg.com/noptify/-/noptify-0.0.3.tgz#58f654a73d9753df0c51d9686dc92104a67f4bbb"
  integrity sha1-WPZUpz2XU98MUdlobckhBKZ/S7s=
  dependencies:
    nopt "~2.0.0"

qs@~0.5.2:
  version "0.5.6"
  resolved "https://registry.yarnpkg.com/qs/-/qs-0.5.6.tgz#31b1ad058567651c526921506b9a8793911a0384"
  integrity sha1-MbGtBYVnZRxSaSFQa5qHk5EaA4Q=

rimraf@~2.2.1, rimraf@~2.2.8:
  version "2.2.8"
  resolved "https://registry.yarnpkg.com/rimraf/-/rimraf-2.2.8.tgz#e439be2aaee327321952730f99a8929e4fc50582"
  integrity sha1-5Dm+Kq7jJzIZUnMPmaiSnk/FBYI=

sigmund@~1.0.0:
  version "1.0.1"
  resolved "https://registry.yarnpkg.com/sigmund/-/sigmund-1.0.1.tgz#3ff21f198cad2175f9f3b781853fd94d0d19b590"
  integrity sha1-P/IfGYytIXX587eBhT/ZTQ0ZtZA=

source-map@0.1.34:
  version "0.1.34"
  resolved "https://registry.yarnpkg.com/source-map/-/source-map-0.1.34.tgz#a7cfe89aec7b1682c3b198d0acfb47d7d090566b"
  integrity sha1-p8/omux7FoLDsZjQrPtH19CQVms=
  dependencies:
    amdefine ">=0.0.4"

sprintf-js@~1.0.2:
  version "1.0.3"
  resolved "https://registry.yarnpkg.com/sprintf-js/-/sprintf-js-1.0.3.tgz#04e6926f662895354f3dd015203633b857297e2c"
  integrity sha1-BOaSb2YolTVPPdAVIDYzuFcpfiw=

strip-ansi@^3.0.0:
  version "3.0.1"
  resolved "https://registry.yarnpkg.com/strip-ansi/-/strip-ansi-3.0.1.tgz#6a385fb8853d952d5ff05d0e8aaf94278dc63dcf"
  integrity sha1-ajhfuIU9lS1f8F0Oiq+UJ43GPc8=
  dependencies:
    ansi-regex "^2.0.0"

supports-color@^2.0.0:
  version "2.0.0"
  resolved "https://registry.yarnpkg.com/supports-color/-/supports-color-2.0.0.tgz#535d045ce6b6363fa40117084629995e9df324c7"
  integrity sha1-U10EXOa2Nj+kARcIRimZXp3zJMc=

tiny-lr-fork@0.0.5:
  version "0.0.5"
  resolved "https://registry.yarnpkg.com/tiny-lr-fork/-/tiny-lr-fork-0.0.5.tgz#1e99e1e2a8469b736ab97d97eefa98c71f76ed0a"
  integrity sha1-Hpnh4qhGm3NquX2X7vqYxx927Qo=
  dependencies:
    debug "~0.7.0"
    faye-websocket "~0.4.3"
    noptify "~0.0.3"
    qs "~0.5.2"

uglify-js@~2.4.0:
  version "2.4.24"
  resolved "https://registry.yarnpkg.com/uglify-js/-/uglify-js-2.4.24.tgz#fad5755c1e1577658bb06ff9ab6e548c95bebd6e"
  integrity sha1-+tV1XB4Vd2WLsG/5q25UjJW+vW4=
  dependencies:
    async "~0.2.6"
    source-map "0.1.34"
    uglify-to-browserify "~1.0.0"
    yargs "~3.5.4"

uglify-to-browserify@~1.0.0:
  version "1.0.2"
  resolved "https://registry.yarnpkg.com/uglify-to-browserify/-/uglify-to-browserify-1.0.2.tgz#6e0924d6bda6b5afe349e39a6d632850a0f882b7"
  integrity sha1-bgkk1r2mta/jSeOabWMoUKD4grc=

underscore.string@~2.2.1:
  version "2.2.1"
  resolved "https://registry.yarnpkg.com/underscore.string/-/underscore.string-2.2.1.tgz#d7c0fa2af5d5a1a67f4253daee98132e733f0f19"
  integrity sha1-18D6KvXVoaZ/QlPa7pgTLnM/Dxk=

underscore.string@~2.3.3:
  version "2.3.3"
  resolved "https://registry.yarnpkg.com/underscore.string/-/underscore.string-2.3.3.tgz#71c08bf6b428b1133f37e78fa3a21c82f7329b0d"
  integrity sha1-ccCL9rQosRM/N+ePo6Icgvcymw0=

underscore.string@~2.4.0:
  version "2.4.0"
  resolved "https://registry.yarnpkg.com/underscore.string/-/underscore.string-2.4.0.tgz#8cdd8fbac4e2d2ea1e7e2e8097c42f442280f85b"
  integrity sha1-jN2PusTi0uoefi6Al8QvRCKA+Fs=

underscore@~1.7.0:
  version "1.7.0"
  resolved "https://registry.yarnpkg.com/underscore/-/underscore-1.7.0.tgz#6bbaf0877500d36be34ecaa584e0db9fef035209"
  integrity sha1-a7rwh3UA02vjTsqlhODbn+8DUgk=

which@~1.0.5:
  version "1.0.9"
  resolved "https://registry.yarnpkg.com/which/-/which-1.0.9.tgz#460c1da0f810103d0321a9b633af9e575e64486f"
  integrity sha1-RgwdoPgQED0DIam2M6+eV15kSG8=

window-size@0.1.0:
  version "0.1.0"
  resolved "https://registry.yarnpkg.com/window-size/-/window-size-0.1.0.tgz#5438cd2ea93b202efa3a19fe8887aee7c94f9c9d"
  integrity sha1-VDjNLqk7IC76Ohn+iIeu58lPnJ0=

wordwrap@0.0.2:
  version "0.0.2"
  resolved "https://registry.yarnpkg.com/wordwrap/-/wordwrap-0.0.2.tgz#b79669bb42ecb409f83d583cad52ca17eaa1643f"
  integrity sha1-t5Zpu0LstAn4PVg8rVLKF+qhZD8=

yargs@~3.5.4:
  version "3.5.4"
  resolved "https://registry.yarnpkg.com/yargs/-/yargs-3.5.4.tgz#d8aff8f665e94c34bd259bdebd1bfaf0ddd35361"
  integrity sha1-2K/49mXpTDS9JZvevRv68N3TU2E=
  dependencies:
    camelcase "^1.0.2"
    decamelize "^1.0.0"
    window-size "0.1.0"
    wordwrap "0.0.2"

zlib-browserify@0.0.1:
  version "0.0.1"
  resolved "https://registry.yarnpkg.com/zlib-browserify/-/zlib-browserify-0.0.1.tgz#4fa6a45d00dbc15f318a4afa1d9afc0258e176cc"
  integrity sha1-T6akXQDbwV8xikr6HZr8Aljhdsw=
